
Microsoft Visual Studio Solution File, Format Version 12.00
# Visual Studio 15
VisualStudioVersion = 15.0.27130.2027
MinimumVisualStudioVersion = 10.0.40219.1
Project("{9A19103F-16F7-4668-BE54-9A1E7A4F7556}") = "SearchEngine.IndexingConsole", "SearchEngine.IndexingConsole\SearchEngine.IndexingConsole.csproj", "{59AEF602-3797-4FAC-A086-6CC8FCD5836B}"
EndProject
Project("{9A19103F-16F7-4668-BE54-9A1E7A4F7556}") = "SearchEngine.Database", "SearchEngine.Database\SearchEngine.Database.csproj", "{4D642F90-470A-414D-86B1-03208D01067E}"
EndProject
Project("{9A19103F-16F7-4668-BE54-9A1E7A4F7556}") = "SearchEngine.ConsoleUI", "SearchEngine.ConsoleUI\SearchEngine.ConsoleUI.csproj", "{F4646E7A-D6BD-4653-BB70-773CFABEEE29}"
EndProject
Project("{9A19103F-16F7-4668-BE54-9A1E7A4F7556}") = "SearchEngine.Tools", "SearchEngine.Tools\SearchEngine.Tools.csproj", "{65FDDF4B-A790-48DF-8078-16714825164A}"
EndProject
Project("{FAE04EC0-301F-11D3-BF4B-00C04F79EFBC}") = "SearchEngine.Web", "SearchEngine.Web\SearchEngine.Web.csproj", "{3C30DB5A-8D6D-426E-94BE-69DB83CE5F80}"
EndProject
Project("{FAE04EC0-301F-11D3-BF4B-00C04F79EFBC}") = "SearchEngine.Miscellaneous", "SearchEngine.Miscellaneous\SearchEngine.Miscellaneous.csproj", "{9B1630E0-9E7C-4AF9-B6AE-ED3C38689060}"
EndProject
Global
	GlobalSection(SolutionConfigurationPlatforms) = preSolution
		Debug|Any CPU = Debug|Any CPU
		Release|Any CPU = Release|Any CPU
	EndGlobalSection
	GlobalSection(ProjectConfigurationPlatforms) = postSolution
		{59AEF602-3797-4FAC-A086-6CC8FCD5836B}.Debug|Any CPU.ActiveCfg = Debug|Any CPU
		{59AEF602-3797-4FAC-A086-6CC8FCD5836B}.Debug|Any CPU.Build.0 = Debug|Any CPU
		{59AEF602-3797-4FAC-A086-6CC8FCD5836B}.Release|Any CPU.ActiveCfg = Release|Any CPU
		{59AEF602-3797-4FAC-A086-6CC8FCD5836B}.Release|Any CPU.Build.0 = Release|Any CPU
		{4D642F90-470A-414D-86B1-03208D01067E}.Debug|Any CPU.ActiveCfg = Debug|Any CPU
		{4D642F90-470A-414D-86B1-03208D01067E}.Debug|Any CPU.Build.0 = Debug|Any CPU
		{4D642F90-470A-414D-86B1-03208D01067E}.Release|Any CPU.ActiveCfg = Release|Any CPU
		{4D642F90-470A-414D-86B1-03208D01067E}.Release|Any CPU.Build.0 = Release|Any CPU
		{F4646E7A-D6BD-4653-BB70-773CFABEEE29}.Debug|Any CPU.ActiveCfg = Debug|Any CPU
		{F4646E7A-D6BD-4653-BB70-773CFABEEE29}.Debug|Any CPU.Build.0 = Debug|Any CPU
		{F4646E7A-D6BD-4653-BB70-773CFABEEE29}.Release|Any CPU.ActiveCfg = Release|Any CPU
		{F4646E7A-D6BD-4653-BB70-773CFABEEE29}.Release|Any CPU.Build.0 = Release|Any CPU
		{65FDDF4B-A790-48DF-8078-16714825164A}.Debug|Any CPU.ActiveCfg = Debug|Any CPU
		{65FDDF4B-A790-48DF-8078-16714825164A}.Debug|Any CPU.Build.0 = Debug|Any CPU
		{65FDDF4B-A790-48DF-8078-16714825164A}.Release|Any CPU.ActiveCfg = Release|Any CPU
		{65FDDF4B-A790-48DF-8078-16714825164A}.Release|Any CPU.Build.0 = Release|Any CPU
		{3C30DB5A-8D6D-426E-94BE-69DB83CE5F80}.Debug|Any CPU.ActiveCfg = Debug|Any CPU
		{3C30DB5A-8D6D-426E-94BE-69DB83CE5F80}.Debug|Any CPU.Build.0 = Debug|Any CPU
		{3C30DB5A-8D6D-426E-94BE-69DB83CE5F80}.Release|Any CPU.ActiveCfg = Release|Any CPU
		{3C30DB5A-8D6D-426E-94BE-69DB83CE5F80}.Release|Any CPU.Build.0 = Release|Any CPU
		{9B1630E0-9E7C-4AF9-B6AE-ED3C38689060}.Debug|Any CPU.ActiveCfg = Debug|Any CPU
		{9B1630E0-9E7C-4AF9-B6AE-ED3C38689060}.Debug|Any CPU.Build.0 = Debug|Any CPU
		{9B1630E0-9E7C-4AF9-B6AE-ED3C38689060}.Release|Any CPU.ActiveCfg = Release|Any CPU
		{9B1630E0-9E7C-4AF9-B6AE-ED3C38689060}.Release|Any CPU.Build.0 = Release|Any CPU
	EndGlobalSection
	GlobalSection(SolutionProperties) = preSolution
		HideSolutionNode = FALSE
	EndGlobalSection
	GlobalSection(ExtensibilityGlobals) = postSolution
		SolutionGuid = {4D9B5D50-1091-436F-947F-933F6EA8FAAE}
	EndGlobalSection
EndGlobal
